<?xml version="1.0" encoding="utf-8"?>
<Project ToolsVersion="15.0" xmlns="http://schemas.microsoft.com/developer/msbuild/2003">
  <ItemGroup>
    <ClCompile Include="J:\CPPBOYS\Pong\PongGame\main.cpp">
      <Filter>Source Files</Filter>
    </ClCompile>
    <ClCompile Include="J:\CPPBOYS\Pong\PongGame\Bat.cpp">
      <Filter>Source Files</Filter>
    </ClCompile>
    <ClCompile Include="J:\CPPBOYS\Pong\PongGame\Ball.cpp">
      <Filter>Source Files</Filter>
    </ClCompile>
  </ItemGroup>
  <ItemGroup>
    <ClInclude Include="J:\CPPBOYS\Pong\PongGame\Bat.h">
      <Filter>Header Files</Filter>
    </ClInclude>
    <ClInclude Include="J:\CPPBOYS\Pong\PongGame\Ball.h">
      <Filter>Header Files</Filter>
    </ClInclude>
    <ClInclude Include="J:\CPPBOYS\Pong\PongGame\Constants.h">
      <Filter>Header Files</Filter>
    </ClInclude>
  </ItemGroup>
  <ItemGroup>
    <CustomBuild Include="J:\CPPBOYS\Pong\PongGame\CMakeLists.txt" />
  </ItemGroup>
  <ItemGroup>
    <Filter Include="Header Files">
      <UniqueIdentifier>{C0AAD475-8673-3B79-AE20-E125320AB195}</UniqueIdentifier>
    </Filter>
    <Filter Include="Source Files">
      <UniqueIdentifier>{0E0F8578-0128-36CE-AA2E-B539FF25859D}</UniqueIdentifier>
    </Filter>
  </ItemGroup>
</Project>
